
Microsoft Visual Studio Solution File, Format Version 12.00
# Visual Studio Version 16
VisualStudioVersion = 16.0.29509.3
MinimumVisualStudioVersion = 10.0.40219.1
Project("{2150E333-8FDC-42A3-9474-1A3956D46DE8}") = "Application", "Application", "{47856A35-50D1-4C7E-830F-AE5778D201AF}"
EndProject
Project("{2150E333-8FDC-42A3-9474-1A3956D46DE8}") = "Domain", "Domain", "{9F675A59-AECB-4D0B-9755-782D619C708A}"
EndProject
Project("{2150E333-8FDC-42A3-9474-1A3956D46DE8}") = "Infra.IoC", "Infra.IoC", "{7C783E2B-A18B-4615-9C9A-BA636A8ECAAD}"
EndProject
Project("{2150E333-8FDC-42A3-9474-1A3956D46DE8}") = "Infra.Data", "Infra.Data", "{4B6BB758-AC35-42E7-BA72-A4A409E561B1}"
EndProject
Project("{2150E333-8FDC-42A3-9474-1A3956D46DE8}") = "Presentation", "Presentation", "{36E1CA23-380B-4285-BC50-99F1C2FBE165}"
EndProject
Project("{9A19103F-16F7-4668-BE54-9A1E7A4F7556}") = "CleanArch.Mvc", "CleanArch.Mvc\CleanArch.Mvc.csproj", "{EB15D02C-3745-41E4-8B5C-269E2CEED194}"
EndProject
Project("{FAE04EC0-301F-11D3-BF4B-00C04F79EFBC}") = "CleanArch.Domain", "ClassLibrary2\CleanArch.Domain.csproj", "{29A35A1C-116D-44C5-AC4E-736FB64E2812}"
EndProject
Project("{FAE04EC0-301F-11D3-BF4B-00C04F79EFBC}") = "CleanArch.Infra.Data", "CleanArch.Infra.Data\CleanArch.Infra.Data.csproj", "{8AF0EAAE-D6B6-443A-9BFA-88C17D18669A}"
EndProject
Project("{FAE04EC0-301F-11D3-BF4B-00C04F79EFBC}") = "CleanArch.Application", "CleanArch.Application\CleanArch.Application.csproj", "{C7CCD871-0594-4388-B0E4-E070C810A1CA}"
EndProject
Project("{FAE04EC0-301F-11D3-BF4B-00C04F79EFBC}") = "CleanArch.Infra.IoC", "CleanArch.Infra.IoC\CleanArch.Infra.IoC.csproj", "{3D184E34-4F21-438A-84A3-675D4AC4E17F}"
EndProject
Global
	GlobalSection(SolutionConfigurationPlatforms) = preSolution
		Debug|Any CPU = Debug|Any CPU
		Release|Any CPU = Release|Any CPU
	EndGlobalSection
	GlobalSection(ProjectConfigurationPlatforms) = postSolution
		{EB15D02C-3745-41E4-8B5C-269E2CEED194}.Debug|Any CPU.ActiveCfg = Debug|Any CPU
		{EB15D02C-3745-41E4-8B5C-269E2CEED194}.Debug|Any CPU.Build.0 = Debug|Any CPU
		{EB15D02C-3745-41E4-8B5C-269E2CEED194}.Release|Any CPU.ActiveCfg = Release|Any CPU
		{EB15D02C-3745-41E4-8B5C-269E2CEED194}.Release|Any CPU.Build.0 = Release|Any CPU
		{29A35A1C-116D-44C5-AC4E-736FB64E2812}.Debug|Any CPU.ActiveCfg = Debug|Any CPU
		{29A35A1C-116D-44C5-AC4E-736FB64E2812}.Debug|Any CPU.Build.0 = Debug|Any CPU
		{29A35A1C-116D-44C5-AC4E-736FB64E2812}.Release|Any CPU.ActiveCfg = Release|Any CPU
		{29A35A1C-116D-44C5-AC4E-736FB64E2812}.Release|Any CPU.Build.0 = Release|Any CPU
		{8AF0EAAE-D6B6-443A-9BFA-88C17D18669A}.Debug|Any CPU.ActiveCfg = Debug|Any CPU
		{8AF0EAAE-D6B6-443A-9BFA-88C17D18669A}.Debug|Any CPU.Build.0 = Debug|Any CPU
		{8AF0EAAE-D6B6-443A-9BFA-88C17D18669A}.Release|Any CPU.ActiveCfg = Release|Any CPU
		{8AF0EAAE-D6B6-443A-9BFA-88C17D18669A}.Release|Any CPU.Build.0 = Release|Any CPU
		{C7CCD871-0594-4388-B0E4-E070C810A1CA}.Debug|Any CPU.ActiveCfg = Debug|Any CPU
		{C7CCD871-0594-4388-B0E4-E070C810A1CA}.Debug|Any CPU.Build.0 = Debug|Any CPU
		{C7CCD871-0594-4388-B0E4-E070C810A1CA}.Release|Any CPU.ActiveCfg = Release|Any CPU
		{C7CCD871-0594-4388-B0E4-E070C810A1CA}.Release|Any CPU.Build.0 = Release|Any CPU
		{3D184E34-4F21-438A-84A3-675D4AC4E17F}.Debug|Any CPU.ActiveCfg = Debug|Any CPU
		{3D184E34-4F21-438A-84A3-675D4AC4E17F}.Debug|Any CPU.Build.0 = Debug|Any CPU
		{3D184E34-4F21-438A-84A3-675D4AC4E17F}.Release|Any CPU.ActiveCfg = Release|Any CPU
		{3D184E34-4F21-438A-84A3-675D4AC4E17F}.Release|Any CPU.Build.0 = Release|Any CPU
	EndGlobalSection
	GlobalSection(SolutionProperties) = preSolution
		HideSolutionNode = FALSE
	EndGlobalSection
	GlobalSection(NestedProjects) = preSolution
		{EB15D02C-3745-41E4-8B5C-269E2CEED194} = {36E1CA23-380B-4285-BC50-99F1C2FBE165}
		{29A35A1C-116D-44C5-AC4E-736FB64E2812} = {9F675A59-AECB-4D0B-9755-782D619C708A}
		{8AF0EAAE-D6B6-443A-9BFA-88C17D18669A} = {4B6BB758-AC35-42E7-BA72-A4A409E561B1}
		{C7CCD871-0594-4388-B0E4-E070C810A1CA} = {47856A35-50D1-4C7E-830F-AE5778D201AF}
		{3D184E34-4F21-438A-84A3-675D4AC4E17F} = {7C783E2B-A18B-4615-9C9A-BA636A8ECAAD}
	EndGlobalSection
	GlobalSection(ExtensibilityGlobals) = postSolution
		SolutionGuid = {A25627D5-343A-4A4C-BE48-773CC48DF3D6}
	EndGlobalSection
EndGlobal
